dependencies:
- name: common
  repository: https://atlassian.github.io/data-center-helm-charts
  version: 1.2.7
- name: gluon
  repository: oci://registry1.dso.mil/bigbang
  version: 0.6.2
- name: postgresql
  repository: https://charts.bitnami.com/bitnami
  version: 13.2.2
- name: opensearch
  repository: https://opensearch-project.github.io/helm-charts
  version: 3.0.0
digest: sha256:2514c83cc572d026516eb9dd499ea291cb210a39504a2a7f4a5d55e7aec77c8a
generated: "2025-05-29T06:23:31.054724124Z"
