dependencies:
- name: common
  repository: https://atlassian.github.io/data-center-helm-charts
  version: 1.2.6
- name: gluon
  repository: oci://registry1.dso.mil/bigbang
  version: 0.5.3
- name: postgresql
  repository: https://charts.bitnami.com/bitnami
  version: 13.2.2
- name: opensearch
  repository: https://opensearch-project.github.io/helm-charts
  version: 2.22.1
digest: sha256:87b79e5d1cb927f8a3c30b25e1e98005f256ac2a798eb866e33cd4993d0c5def
generated: "2024-08-16T12:27:49.9830391-04:00"
