dependencies:
- name: common
  repository: https://atlassian.github.io/data-center-helm-charts
  version: 1.2.7
- name: gluon
  repository: oci://registry1.dso.mil/bigbang
  version: 0.5.14
- name: postgresql
  repository: https://charts.bitnami.com/bitnami
  version: 13.2.2
- name: opensearch
  repository: https://opensearch-project.github.io/helm-charts
  version: 2.31.0
digest: sha256:f9bb893ba3935b447474d206d10fc8c73ab5f34c2ef0f78797398beaf2c45881
generated: "2025-02-12T07:22:50.313041087Z"
